
Microsoft Visual Studio Solution File, Format Version 12.00
# Visual Studio Version 16
VisualStudioVersion = 16.0.31624.102
MinimumVisualStudioVersion = 10.0.40219.1
Project("{FAE04EC0-301F-11D3-BF4B-00C04F79EFBC}") = "3", "3\3.csproj", "{A37A9B33-2041-42BA-B98E-9482309F8AE7}"
EndProject
Global
	GlobalSection(SolutionConfigurationPlatforms) = preSolution
		Debug|Any CPU = Debug|Any CPU
		Release|Any CPU = Release|Any CPU
	EndGlobalSection
	GlobalSection(ProjectConfigurationPlatforms) = postSolution
		{A37A9B33-2041-42BA-B98E-9482309F8AE7}.Debug|Any CPU.ActiveCfg = Debug|Any CPU
		{A37A9B33-2041-42BA-B98E-9482309F8AE7}.Debug|Any CPU.Build.0 = Debug|Any CPU
		{A37A9B33-2041-42BA-B98E-9482309F8AE7}.Release|Any CPU.ActiveCfg = Release|Any CPU
		{A37A9B33-2041-42BA-B98E-9482309F8AE7}.Release|Any CPU.Build.0 = Release|Any CPU
	EndGlobalSection
	GlobalSection(SolutionProperties) = preSolution
		HideSolutionNode = FALSE
	EndGlobalSection
	GlobalSection(ExtensibilityGlobals) = postSolution
		SolutionGuid = {C479BB2E-A847-4BF0-8AA7-E4393BF8B557}
	EndGlobalSection
EndGlobal
